
Microsoft Visual Studio Solution File, Format Version 12.00
# Visual Studio Version 16
VisualStudioVersion = 16.0.30523.141
MinimumVisualStudioVersion = 10.0.40219.1
Project("{FAE04EC0-301F-11D3-BF4B-00C04F79EFBC}") = "SneakerShop", "SneakerShop.csproj", "{85718F3A-D65E-4234-8375-CAC7C445C2B4}"
EndProject
Global
	GlobalSection(SolutionConfigurationPlatforms) = preSolution
		Debug|Any CPU = Debug|Any CPU
		Release|Any CPU = Release|Any CPU
	EndGlobalSection
	GlobalSection(ProjectConfigurationPlatforms) = postSolution
		{85718F3A-D65E-4234-8375-CAC7C445C2B4}.Debug|Any CPU.ActiveCfg = Debug|Any CPU
		{85718F3A-D65E-4234-8375-CAC7C445C2B4}.Debug|Any CPU.Build.0 = Debug|Any CPU
		{85718F3A-D65E-4234-8375-CAC7C445C2B4}.Release|Any CPU.ActiveCfg = Release|Any CPU
		{85718F3A-D65E-4234-8375-CAC7C445C2B4}.Release|Any CPU.Build.0 = Release|Any CPU
	EndGlobalSection
	GlobalSection(SolutionProperties) = preSolution
		HideSolutionNode = FALSE
	EndGlobalSection
	GlobalSection(ExtensibilityGlobals) = postSolution
		SolutionGuid = {EEA4E339-5AA0-411F-B6A5-A4F513EFE51C}
	EndGlobalSection
EndGlobal
